
Microsoft Visual Studio Solution File, Format Version 12.00
# Visual Studio Version 17
VisualStudioVersion = 17.0.32112.339
MinimumVisualStudioVersion = 10.0.40219.1
Project("{FAE04EC0-301F-11D3-BF4B-00C04F79EFBC}") = "InsuranceAPI", "InsuranceAPI\InsuranceAPI.csproj", "{BB1A8EF4-0114-404A-A07D-48E3FB2D4B86}"
EndProject
Global
	GlobalSection(SolutionConfigurationPlatforms) = preSolution
		Debug|Any CPU = Debug|Any CPU
		Release|Any CPU = Release|Any CPU
	EndGlobalSection
	GlobalSection(ProjectConfigurationPlatforms) = postSolution
		{BB1A8EF4-0114-404A-A07D-48E3FB2D4B86}.Debug|Any CPU.ActiveCfg = Debug|Any CPU
		{BB1A8EF4-0114-404A-A07D-48E3FB2D4B86}.Debug|Any CPU.Build.0 = Debug|Any CPU
		{BB1A8EF4-0114-404A-A07D-48E3FB2D4B86}.Release|Any CPU.ActiveCfg = Release|Any CPU
		{BB1A8EF4-0114-404A-A07D-48E3FB2D4B86}.Release|Any CPU.Build.0 = Release|Any CPU
	EndGlobalSection
	GlobalSection(SolutionProperties) = preSolution
		HideSolutionNode = FALSE
	EndGlobalSection
	GlobalSection(ExtensibilityGlobals) = postSolution
		SolutionGuid = {AB172EB5-C106-45EE-AE69-9A0A86318AC7}
	EndGlobalSection
EndGlobal
